
Microsoft Visual Studio Solution File, Format Version 12.00
# Visual Studio Version 16
VisualStudioVersion = 16.0.29911.84
MinimumVisualStudioVersion = 10.0.40219.1
Project("{FAE04EC0-301F-11D3-BF4B-00C04F79EFBC}") = "SoapSerializer", "SoapSerializer\SoapSerializer.csproj", "{EB201EE0-919E-46D9-998F-8489D8B35B0F}"
EndProject
Global
	GlobalSection(SolutionConfigurationPlatforms) = preSolution
		Debug|Any CPU = Debug|Any CPU
		Release|Any CPU = Release|Any CPU
	EndGlobalSection
	GlobalSection(ProjectConfigurationPlatforms) = postSolution
		{EB201EE0-919E-46D9-998F-8489D8B35B0F}.Debug|Any CPU.ActiveCfg = Debug|Any CPU
		{EB201EE0-919E-46D9-998F-8489D8B35B0F}.Debug|Any CPU.Build.0 = Debug|Any CPU
		{EB201EE0-919E-46D9-998F-8489D8B35B0F}.Release|Any CPU.ActiveCfg = Release|Any CPU
		{EB201EE0-919E-46D9-998F-8489D8B35B0F}.Release|Any CPU.Build.0 = Release|Any CPU
	EndGlobalSection
	GlobalSection(SolutionProperties) = preSolution
		HideSolutionNode = FALSE
	EndGlobalSection
	GlobalSection(ExtensibilityGlobals) = postSolution
		SolutionGuid = {1C84E261-FA32-4464-8B89-751BE0CA16A3}
	EndGlobalSection
EndGlobal
